// !$*UTF8*$!
{
	archiveVersion = 1;
	classes = {
	};
	objectVersion = 55;
	objects = {

/* Begin PBXBuildFile section */
		7462CDE227C0126600B1E036 /* AppDelegate.swift in Sources */ = {isa = PBXBuildFile; fileRef = 7462CDE127C0126600B1E036 /* AppDelegate.swift */; };
		7462CDE427C0126600B1E036 /* SceneDelegate.swift in Sources */ = {isa = PBXBuildFile; fileRef = 7462CDE327C0126600B1E036 /* SceneDelegate.swift */; };
		7462CDE627C0126600B1E036 /* ViewController.swift in Sources */ = {isa = PBXBuildFile; fileRef = 7462CDE527C0126600B1E036 /* ViewController.swift */; };
		7462CDEB27C0126800B1E036 /* Assets.xcassets in Resources */ = {isa = PBXBuildFile; fileRef = 7462CDEA27C0126800B1E036 /* Assets.xcassets */; };
		7462CDEE27C0126800B1E036 /* LaunchScreen.storyboard in Resources */ = {isa = PBXBuildFile; fileRef = 7462CDEC27C0126800B1E036 /* LaunchScreen.storyboard */; };
		7462CDFB27C0151700B1E036 /* NotificationsModel.xcdatamodeld in Sources */ = {isa = PBXBuildFile; fileRef = 7462CDF927C0151700B1E036 /* NotificationsModel.xcdatamodeld */; };
		7462CDFD27C0160400B1E036 /* tiles.json in Resources */ = {isa = PBXBuildFile; fileRef = 7462CDFC27C0160400B1E036 /* tiles.json */; };
		7462CDFF27C0171100B1E036 /* ModelProvider.swift in Sources */ = {isa = PBXBuildFile; fileRef = 7462CDFE27C0171100B1E036 /* ModelProvider.swift */; };
/* End PBXBuildFile section */

/* Begin PBXFileReference section */
		7462CDDE27C0126600B1E036 /* BackgroundTaskWithNotifications.app */ = {isa = PBXFileReference; explicitFileType = wrapper.application; includeInIndex = 0; path = BackgroundTaskWithNotifications.app; sourceTree = BUILT_PRODUCTS_DIR; };
		7462CDE127C0126600B1E036 /* AppDelegate.swift */ = {isa = PBXFileReference; lastKnownFileType = sourcecode.swift; path = AppDelegate.swift; sourceTree = "<group>"; };
		7462CDE327C0126600B1E036 /* SceneDelegate.swift */ = {isa = PBXFileReference; lastKnownFileType = sourcecode.swift; path = SceneDelegate.swift; sourceTree = "<group>"; };
		7462CDE527C0126600B1E036 /* ViewController.swift */ = {isa = PBXFileReference; lastKnownFileType = sourcecode.swift; path = ViewController.swift; sourceTree = "<group>"; };
		7462CDEA27C0126800B1E036 /* Assets.xcassets */ = {isa = PBXFileReference; lastKnownFileType = folder.assetcatalog; path = Assets.xcassets; sourceTree = "<group>"; };
		7462CDED27C0126800B1E036 /* Base */ = {isa = PBXFileReference; lastKnownFileType = file.storyboard; name = Base; path = Base.lproj/LaunchScreen.storyboard; sourceTree = "<group>"; };
		7462CDEF27C0126800B1E036 /* Info.plist */ = {isa = PBXFileReference; lastKnownFileType = text.plist.xml; path = Info.plist; sourceTree = "<group>"; };
		7462CDFA27C0151700B1E036 /* NotificationsModel.xcdatamodel */ = {isa = PBXFileReference; lastKnownFileType = wrapper.xcdatamodel; path = NotificationsModel.xcdatamodel; sourceTree = "<group>"; };
		7462CDFC27C0160400B1E036 /* tiles.json */ = {isa = PBXFileReference; fileEncoding = 4; lastKnownFileType = text.json; path = tiles.json; sourceTree = "<group>"; };
		7462CDFE27C0171100B1E036 /* ModelProvider.swift */ = {isa = PBXFileReference; lastKnownFileType = sourcecode.swift; path = ModelProvider.swift; sourceTree = "<group>"; };
/* End PBXFileReference section */

/* Begin PBXFrameworksBuildPhase section */
		7462CDDB27C0126600B1E036 /* Frameworks */ = {
			isa = PBXFrameworksBuildPhase;
			buildActionMask = 2147483647;
			files = (
			);
			runOnlyForDeploymentPostprocessing = 0;
		};
/* End PBXFrameworksBuildPhase section */

/* Begin PBXGroup section */
		7462CDD527C0126600B1E036 = {
			isa = PBXGroup;
			children = (
				7462CDE027C0126600B1E036 /* BackgroundTaskWithNotifications */,
				7462CDDF27C0126600B1E036 /* Products */,
			);
			sourceTree = "<group>";
		};
		7462CDDF27C0126600B1E036 /* Products */ = {
			isa = PBXGroup;
			children = (
				7462CDDE27C0126600B1E036 /* BackgroundTaskWithNotifications.app */,
			);
			name = Products;
			sourceTree = "<group>";
		};
		7462CDE027C0126600B1E036 /* BackgroundTaskWithNotifications */ = {
			isa = PBXGroup;
			children = (
				7462CDE127C0126600B1E036 /* AppDelegate.swift */,
				7462CDE327C0126600B1E036 /* SceneDelegate.swift */,
				7462CDF627C014CA00B1E036 /* model */,
				7462CDF827C014F200B1E036 /* controller */,
				7462CDF527C0149300B1E036 /* supporting files */,
			);
			path = BackgroundTaskWithNotifications;
			sourceTree = "<group>";
		};
		7462CDF527C0149300B1E036 /* supporting files */ = {
			isa = PBXGroup;
			children = (
				7462CDFC27C0160400B1E036 /* tiles.json */,
				7462CDEA27C0126800B1E036 /* Assets.xcassets */,
				7462CDEC27C0126800B1E036 /* LaunchScreen.storyboard */,
				7462CDEF27C0126800B1E036 /* Info.plist */,
			);
			name = "supporting files";
			sourceTree = "<group>";
		};
		7462CDF627C014CA00B1E036 /* model */ = {
			isa = PBXGroup;
			children = (
				7462CDF927C0151700B1E036 /* NotificationsModel.xcdatamodeld */,
				7462CDFE27C0171100B1E036 /* ModelProvider.swift */,
			);
			name = model;
			sourceTree = "<group>";
		};
		7462CDF827C014F200B1E036 /* controller */ = {
			isa = PBXGroup;
			children = (
				7462CDE527C0126600B1E036 /* ViewController.swift */,
			);
			name = controller;
			sourceTree = "<group>";
		};
/* End PBXGroup section */

/* Begin PBXNativeTarget section */
		7462CDDD27C0126600B1E036 /* BackgroundTaskWithNotifications */ = {
			isa = PBXNativeTarget;
			buildConfigurationList = 7462CDF227C0126800B1E036 /* Build configuration list for PBXNativeTarget "BackgroundTaskWithNotifications" */;
			buildPhases = (
				7462CDDA27C0126600B1E036 /* Sources */,
				7462CDDB27C0126600B1E036 /* Frameworks */,
				7462CDDC27C0126600B1E036 /* Resources */,
			);
			buildRules = (
			);
			dependencies = (
			);
			name = BackgroundTaskWithNotifications;
			productName = BackgroundTaskWithNotifications;
			productReference = 7462CDDE27C0126600B1E036 /* BackgroundTaskWithNotifications.app */;
			productType = "com.apple.product-type.application";
		};
/* End PBXNativeTarget section */

/* Begin PBXProject section */
		7462CDD627C0126600B1E036 /* Project object */ = {
			isa = PBXProject;
			attributes = {
				BuildIndependentTargetsInParallel = 1;
				LastSwiftUpdateCheck = 1320;
				LastUpgradeCheck = 1320;
				TargetAttributes = {
					7462CDDD27C0126600B1E036 = {
						CreatedOnToolsVersion = 13.2.1;
					};
				};
			};
			buildConfigurationList = 7462CDD927C0126600B1E036 /* Build configuration list for PBXProject "BackgroundTaskWithNotifications" */;
			compatibilityVersion = "Xcode 13.0";
			developmentRegion = en;
			hasScannedForEncodings = 0;
			knownRegions = (
				en,
				Base,
			);
			mainGroup = 7462CDD527C0126600B1E036;
			productRefGroup = 7462CDDF27C0126600B1E036 /* Products */;
			projectDirPath = "";
			projectRoot = "";
			targets = (
				7462CDDD27C0126600B1E036 /* BackgroundTaskWithNotifications */,
			);
		};
/* End PBXProject section */

/* Begin PBXResourcesBuildPhase section */
		7462CDDC27C0126600B1E036 /* Resources */ = {
			isa = PBXResourcesBuildPhase;
			buildActionMask = 2147483647;
			files = (
				7462CDFD27C0160400B1E036 /* tiles.json in Resources */,
				7462CDEE27C0126800B1E036 /* LaunchScreen.storyboard in Resources */,
				7462CDEB27C0126800B1E036 /* Assets.xcassets in Resources */,
			);
			runOnlyForDeploymentPostprocessing = 0;
		};
/* End PBXResourcesBuildPhase section */

/* Begin PBXSourcesBuildPhase section */
		7462CDDA27C0126600B1E036 /* Sources */ = {
			isa = PBXSourcesBuildPhase;
			buildActionMask = 2147483647;
			files = (
				7462CDE627C0126600B1E036 /* ViewController.swift in Sources */,
				7462CDFF27C0171100B1E036 /* ModelProvider.swift in Sources */,
				7462CDE227C0126600B1E036 /* AppDelegate.swift in Sources */,
				7462CDFB27C0151700B1E036 /* NotificationsModel.xcdatamodeld in Sources */,
				7462CDE427C0126600B1E036 /* SceneDelegate.swift in Sources */,
			);
			runOnlyForDeploymentPostprocessing = 0;
		};
/* End PBXSourcesBuildPhase section */

/* Begin PBXVariantGroup section */
		7462CDEC27C0126800B1E036 /* LaunchScreen.storyboard */ = {
			isa = PBXVariantGroup;
			children = (
				7462CDED27C0126800B1E036 /* Base */,
			);
			name = LaunchScreen.storyboard;
			sourceTree = "<group>";
		};
/* End PBXVariantGroup section */

/* Begin XCBuildConfiguration section */
		7462CDF027C0126800B1E036 /* Debug */ = {
			isa = XCBuildConfiguration;
			buildSettings = {
				ALWAYS_SEARCH_USER_PATHS = NO;
				CLANG_ANALYZER_NONNULL = YES;
				CLANG_ANALYZER_NUMBER_OBJECT_CONVERSION = YES_AGGRESSIVE;
				CLANG_CXX_LANGUAGE_STANDARD = "gnu++17";
				CLANG_CXX_LIBRARY = "libc++";
				CLANG_ENABLE_MODULES = YES;
				CLANG_ENABLE_OBJC_ARC = YES;
				CLANG_ENABLE_OBJC_WEAK = YES;
				CLANG_WARN_BLOCK_CAPTURE_AUTORELEASING = YES;
				CLANG_WARN_BOOL_CONVERSION = YES;
				CLANG_WARN_COMMA = YES;
				CLANG_WARN_CONSTANT_CONVERSION = YES;
				CLANG_WARN_DEPRECATED_OBJC_IMPLEMENTATIONS = YES;
				CLANG_WARN_DIRECT_OBJC_ISA_USAGE = YES_ERROR;
				CLANG_WARN_DOCUMENTATION_COMMENTS = YES;
				CLANG_WARN_EMPTY_BODY = YES;
				CLANG_WARN_ENUM_CONVERSION = YES;
				CLANG_WARN_INFINITE_RECURSION = YES;
				CLANG_WARN_INT_CONVERSION = YES;
				CLANG_WARN_NON_LITERAL_NULL_CONVERSION = YES;
				CLANG_WARN_OBJC_IMPLICIT_RETAIN_SELF = YES;
				CLANG_WARN_OBJC_LITERAL_CONVERSION = YES;
				CLANG_WARN_OBJC_ROOT_CLASS = YES_ERROR;
				CLANG_WARN_QUOTED_INCLUDE_IN_FRAMEWORK_HEADER = YES;
				CLANG_WARN_RANGE_LOOP_ANALYSIS = YES;
				CLANG_WARN_STRICT_PROTOTYPES = YES;
				CLANG_WARN_SUSPICIOUS_MOVE = YES;
				CLANG_WARN_UNGUARDED_AVAILABILITY = YES_AGGRESSIVE;
				CLANG_WARN_UNREACHABLE_CODE = YES;
				CLANG_WARN__DUPLICATE_METHOD_MATCH = YES;
				COPY_PHASE_STRIP = NO;
				DEBUG_INFORMATION_FORMAT = dwarf;
				ENABLE_STRICT_OBJC_MSGSEND = YES;
				ENABLE_TESTABILITY = YES;
				GCC_C_LANGUAGE_STANDARD = gnu11;
				GCC_DYNAMIC_NO_PIC = NO;
				GCC_NO_COMMON_BLOCKS = YES;
				GCC_OPTIMIZATION_LEVEL = 0;
				GCC_PREPROCESSOR_DEFINITIONS = (
					"DEBUG=1",
					"$(inherited)",
				);
				GCC_WARN_64_TO_32_BIT_CONVERSION = YES;
				GCC_WARN_ABOUT_RETURN_TYPE = YES_ERROR;
				GCC_WARN_UNDECLARED_SELECTOR = YES;
				GCC_WARN_UNINITIALIZED_AUTOS = YES_AGGRESSIVE;
				GCC_WARN_UNUSED_FUNCTION = YES;
				GCC_WARN_UNUSED_VARIABLE = YES;
				IPHONEOS_DEPLOYMENT_TARGET = 15.2;
				MTL_ENABLE_DEBUG_INFO = INCLUDE_SOURCE;
				MTL_FAST_MATH = YES;
				ONLY_ACTIVE_ARCH = YES;
				SDKROOT = iphoneos;
				SWIFT_ACTIVE_COMPILATION_CONDITIONS = DEBUG;
				SWIFT_OPTIMIZATION_LEVEL = "-Onone";
			};
			name = Debug;
		};
		7462CDF127C0126800B1E036 /* Release */ = {
			isa = XCBuildConfiguration;
			buildSettings = {
				ALWAYS_SEARCH_USER_PATHS = NO;
				CLANG_ANALYZER_NONNULL = YES;
				CLANG_ANALYZER_NUMBER_OBJECT_CONVERSION = YES_AGGRESSIVE;
				CLANG_CXX_LANGUAGE_STANDARD = "gnu++17";
				CLANG_CXX_LIBRARY = "libc++";
				CLANG_ENABLE_MODULES = YES;
				CLANG_ENABLE_OBJC_ARC = YES;
				CLANG_ENABLE_OBJC_WEAK = YES;
				CLANG_WARN_BLOCK_CAPTURE_AUTORELEASING = YES;
				CLANG_WARN_BOOL_CONVERSION = YES;
				CLANG_WARN_COMMA = YES;
				CLANG_WARN_CONSTANT_CONVERSION = YES;
				CLANG_WARN_DEPRECATED_OBJC_IMPLEMENTATIONS = YES;
				CLANG_WARN_DIRECT_OBJC_ISA_USAGE = YES_ERROR;
				CLANG_WARN_DOCUMENTATION_COMMENTS = YES;
				CLANG_WARN_EMPTY_BODY = YES;
				CLANG_WARN_ENUM_CONVERSION = YES;
				CLANG_WARN_INFINITE_RECURSION = YES;
				CLANG_WARN_INT_CONVERSION = YES;
				CLANG_WARN_NON_LITERAL_NULL_CONVERSION = YES;
				CLANG_WARN_OBJC_IMPLICIT_RETAIN_SELF = YES;
				CLANG_WARN_OBJC_LITERAL_CONVERSION = YES;
				CLANG_WARN_OBJC_ROOT_CLASS = YES_ERROR;
				CLANG_WARN_QUOTED_INCLUDE_IN_FRAMEWORK_HEADER = YES;
				CLANG_WARN_RANGE_LOOP_ANALYSIS = YES;
				CLANG_WARN_STRICT_PROTOTYPES = YES;
				CLANG_WARN_SUSPICIOUS_MOVE = YES;
				CLANG_WARN_UNGUARDED_AVAILABILITY = YES_AGGRESSIVE;
				CLANG_WARN_UNREACHABLE_CODE = YES;
				CLANG_WARN__DUPLICATE_METHOD_MATCH = YES;
				COPY_PHASE_STRIP = NO;
				DEBUG_INFORMATION_FORMAT = "dwarf-with-dsym";
				ENABLE_NS_ASSERTIONS = NO;
				ENABLE_STRICT_OBJC_MSGSEND = YES;
				GCC_C_LANGUAGE_STANDARD = gnu11;
				GCC_NO_COMMON_BLOCKS = YES;
				GCC_WARN_64_TO_32_BIT_CONVERSION = YES;
				GCC_WARN_ABOUT_RETURN_TYPE = YES_ERROR;
				GCC_WARN_UNDECLARED_SELECTOR = YES;
				GCC_WARN_UNINITIALIZED_AUTOS = YES_AGGRESSIVE;
				GCC_WARN_UNUSED_FUNCTION = YES;
				GCC_WARN_UNUSED_VARIABLE = YES;
				IPHONEOS_DEPLOYMENT_TARGET = 15.2;
				MTL_ENABLE_DEBUG_INFO = NO;
				MTL_FAST_MATH = YES;
				SDKROOT = iphoneos;
				SWIFT_COMPILATION_MODE = wholemodule;
				SWIFT_OPTIMIZATION_LEVEL = "-O";
				VALIDATE_PRODUCT = YES;
			};
			name = Release;
		};
		7462CDF327C0126800B1E036 /* Debug */ = {
			isa = XCBuildConfiguration;
			buildSettings = {
				ASSETCATALOG_COMPILER_APPICON_NAME = AppIcon;
				ASSETCATALOG_COMPILER_GLOBAL_ACCENT_COLOR_NAME = AccentColor;
				CODE_SIGN_STYLE = Automatic;
				CURRENT_PROJECT_VERSION = 1;
				DEVELOPMENT_TEAM = 74KPPW2K35;
				GENERATE_INFOPLIST_FILE = YES;
				INFOPLIST_FILE = BackgroundTaskWithNotifications/Info.plist;
				INFOPLIST_KEY_UIApplicationSupportsIndirectInputEvents = YES;
				INFOPLIST_KEY_UILaunchStoryboardName = LaunchScreen;
				INFOPLIST_KEY_UISupportedInterfaceOrientations_iPad = "UIInterfaceOrientationPortrait UIInterfaceOrientationPortraitUpsideDown UIInterfaceOrientationLandscapeLeft UIInterfaceOrientationLandscapeRight";
				INFOPLIST_KEY_UISupportedInterfaceOrientations_iPhone = "UIInterfaceOrientationPortrait UIInterfaceOrientationLandscapeLeft UIInterfaceOrientationLandscapeRight";
				LD_RUNPATH_SEARCH_PATHS = (
					"$(inherited)",
					"@executable_path/Frameworks",
				);
				MARKETING_VERSION = 1.0;
				PRODUCT_BUNDLE_IDENTIFIER = com.kosoku.BackgroundTaskWithNotifications;
				PRODUCT_NAME = "$(TARGET_NAME)";
				SWIFT_EMIT_LOC_STRINGS = YES;
				SWIFT_VERSION = 5.0;
				TARGETED_DEVICE_FAMILY = "1,2";
			};
			name = Debug;
		};
		7462CDF427C0126800B1E036 /* Release */ = {
			isa = XCBuildConfiguration;
			buildSettings = {
				ASSETCATALOG_COMPILER_APPICON_NAME = AppIcon;
				ASSETCATALOG_COMPILER_GLOBAL_ACCENT_COLOR_NAME = AccentColor;
				CODE_SIGN_STYLE = Automatic;
				CURRENT_PROJECT_VERSION = 1;
				DEVELOPMENT_TEAM = 74KPPW2K35;
				GENERATE_INFOPLIST_FILE = YES;
				INFOPLIST_FILE = BackgroundTaskWithNotifications/Info.plist;
				INFOPLIST_KEY_UIApplicationSupportsIndirectInputEvents = YES;
				INFOPLIST_KEY_UILaunchStoryboardName = LaunchScreen;
				INFOPLIST_KEY_UISupportedInterfaceOrientations_iPad = "UIInterfaceOrientationPortrait UIInterfaceOrientationPortraitUpsideDown UIInterfaceOrientationLandscapeLeft UIInterfaceOrientationLandscapeRight";
				INFOPLIST_KEY_UISupportedInterfaceOrientations_iPhone = "UIInterfaceOrientationPortrait UIInterfaceOrientationLandscapeLeft UIInterfaceOrientationLandscapeRight";
				LD_RUNPATH_SEARCH_PATHS = (
					"$(inherited)",
					"@executable_path/Frameworks",
				);
				MARKETING_VERSION = 1.0;
				PRODUCT_BUNDLE_IDENTIFIER = com.kosoku.BackgroundTaskWithNotifications;
				PRODUCT_NAME = "$(TARGET_NAME)";
				SWIFT_EMIT_LOC_STRINGS = YES;
				SWIFT_VERSION = 5.0;
				TARGETED_DEVICE_FAMILY = "1,2";
			};
			name = Release;
		};
/* End XCBuildConfiguration section */

/* Begin XCConfigurationList section */
		7462CDD927C0126600B1E036 /* Build configuration list for PBXProject "BackgroundTaskWithNotifications" */ = {
			isa = XCConfigurationList;
			buildConfigurations = (
				7462CDF027C0126800B1E036 /* Debug */,
				7462CDF127C0126800B1E036 /* Release */,
			);
			defaultConfigurationIsVisible = 0;
			defaultConfigurationName = Release;
		};
		7462CDF227C0126800B1E036 /* Build configuration list for PBXNativeTarget "BackgroundTaskWithNotifications" */ = {
			isa = XCConfigurationList;
			buildConfigurations = (
				7462CDF327C0126800B1E036 /* Debug */,
				7462CDF427C0126800B1E036 /* Release */,
			);
			defaultConfigurationIsVisible = 0;
			defaultConfigurationName = Release;
		};
/* End XCConfigurationList section */

/* Begin XCVersionGroup section */
		7462CDF927C0151700B1E036 /* NotificationsModel.xcdatamodeld */ = {
			isa = XCVersionGroup;
			children = (
				7462CDFA27C0151700B1E036 /* NotificationsModel.xcdatamodel */,
			);
			currentVersion = 7462CDFA27C0151700B1E036 /* NotificationsModel.xcdatamodel */;
			path = NotificationsModel.xcdatamodeld;
			sourceTree = "<group>";
			versionGroupType = wrapper.xcdatamodel;
		};
/* End XCVersionGroup section */
	};
	rootObject = 7462CDD627C0126600B1E036 /* Project object */;
}
